// !$*UTF8*$!
{
	archiveVersion = 1;
	classes = {
	};
	objectVersion = 46;
	objects = {

/* Begin PBXBuildFile section */
		584A574F401DEA1389842158 /* Pods_coedaUITests.framework in Frameworks */ = {isa = PBXBuildFile; fileRef = CA5FAB12B1C4F970FCDFA158 /* Pods_coedaUITests.framework */; };
		8E9C59F9E03FEB1F24FB1BEB /* Pods_coeda.framework in Frameworks */ = {isa = PBXBuildFile; fileRef = D0FC3EAA0F50A99947F5A818 /* Pods_coeda.framework */; };
		AA1EFC521F4C46A8000972B7 /* ConohaService.swift in Sources */ = {isa = PBXBuildFile; fileRef = AA1EFC511F4C46A8000972B7 /* ConohaService.swift */; };
		AA1EFC531F4C46A8000972B7 /* ConohaService.swift in Sources */ = {isa = PBXBuildFile; fileRef = AA1EFC511F4C46A8000972B7 /* ConohaService.swift */; };
		AA1EFC551F4C584C000972B7 /* ConohaIdentityService.swift in Sources */ = {isa = PBXBuildFile; fileRef = AA1EFC541F4C584C000972B7 /* ConohaIdentityService.swift */; };
		AA1EFC561F4C584C000972B7 /* ConohaIdentityService.swift in Sources */ = {isa = PBXBuildFile; fileRef = AA1EFC541F4C584C000972B7 /* ConohaIdentityService.swift */; };
		AA7CAD9F1F50F38900B1FCC4 /* LoginViewController.swift in Sources */ = {isa = PBXBuildFile; fileRef = AA7CAD9E1F50F38900B1FCC4 /* LoginViewController.swift */; };
		AA8B12061F4EF1AC00FF712A /* Token.swift in Sources */ = {isa = PBXBuildFile; fileRef = AA8B12051F4EF1AC00FF712A /* Token.swift */; };
		AA8B12071F4EF1AC00FF712A /* Token.swift in Sources */ = {isa = PBXBuildFile; fileRef = AA8B12051F4EF1AC00FF712A /* Token.swift */; };
		AA8B12091F4EF24E00FF712A /* Tenant.swift in Sources */ = {isa = PBXBuildFile; fileRef = AA8B12081F4EF24E00FF712A /* Tenant.swift */; };
		AA8B120A1F4EF24E00FF712A /* Tenant.swift in Sources */ = {isa = PBXBuildFile; fileRef = AA8B12081F4EF24E00FF712A /* Tenant.swift */; };
		AA8B120C1F4EF80F00FF712A /* User.swift in Sources */ = {isa = PBXBuildFile; fileRef = AA8B120B1F4EF80F00FF712A /* User.swift */; };
		AA8B120D1F4EF80F00FF712A /* User.swift in Sources */ = {isa = PBXBuildFile; fileRef = AA8B120B1F4EF80F00FF712A /* User.swift */; };
		AA8B12121F4F9FC800FF712A /* ConohaIdentity.swift in Sources */ = {isa = PBXBuildFile; fileRef = AA8B12111F4F9FC800FF712A /* ConohaIdentity.swift */; };
		AA8B12131F4F9FC800FF712A /* ConohaIdentity.swift in Sources */ = {isa = PBXBuildFile; fileRef = AA8B12111F4F9FC800FF712A /* ConohaIdentity.swift */; };
		AA98800A1F4BF3EB003A4C3C /* AppDelegate.swift in Sources */ = {isa = PBXBuildFile; fileRef = AA9880091F4BF3EB003A4C3C /* AppDelegate.swift */; };
		AA98800C1F4BF3EB003A4C3C /* ViewController.swift in Sources */ = {isa = PBXBuildFile; fileRef = AA98800B1F4BF3EB003A4C3C /* ViewController.swift */; };
		AA9880111F4BF3EB003A4C3C /* Assets.xcassets in Resources */ = {isa = PBXBuildFile; fileRef = AA9880101F4BF3EB003A4C3C /* Assets.xcassets */; };
		AA9880141F4BF3EB003A4C3C /* LaunchScreen.storyboard in Resources */ = {isa = PBXBuildFile; fileRef = AA9880121F4BF3EB003A4C3C /* LaunchScreen.storyboard */; };
		AA98801F1F4BF3EB003A4C3C /* coedaTests.swift in Sources */ = {isa = PBXBuildFile; fileRef = AA98801E1F4BF3EB003A4C3C /* coedaTests.swift */; };
		AA98802A1F4BF3EB003A4C3C /* coedaUITests.swift in Sources */ = {isa = PBXBuildFile; fileRef = AA9880291F4BF3EB003A4C3C /* coedaUITests.swift */; };
		AADB73721F56D59B006E1FB3 /* Main.storyboard in Resources */ = {isa = PBXBuildFile; fileRef = AADB73701F56D59B006E1FB3 /* Main.storyboard */; };
		AADB73741F56E7AC006E1FB3 /* ServersViewController.swift in Sources */ = {isa = PBXBuildFile; fileRef = AADB73731F56E7AC006E1FB3 /* ServersViewController.swift */; };
		E295B18265322B6700A4397A /* Pods_coedaTests.framework in Frameworks */ = {isa = PBXBuildFile; fileRef = 157CF8192B54489CEA8F1C8A /* Pods_coedaTests.framework */; };
/* End PBXBuildFile section */

/* Begin PBXContainerItemProxy section */
		AA98801B1F4BF3EB003A4C3C /* PBXContainerItemProxy */ = {
			isa = PBXContainerItemProxy;
			containerPortal = AA987FFE1F4BF3EB003A4C3C /* Project object */;
			proxyType = 1;
			remoteGlobalIDString = AA9880051F4BF3EB003A4C3C;
			remoteInfo = coeda;
		};
		AA9880261F4BF3EB003A4C3C /* PBXContainerItemProxy */ = {
			isa = PBXContainerItemProxy;
			containerPortal = AA987FFE1F4BF3EB003A4C3C /* Project object */;
			proxyType = 1;
			remoteGlobalIDString = AA9880051F4BF3EB003A4C3C;
			remoteInfo = coeda;
		};
/* End PBXContainerItemProxy section */

/* Begin PBXFileReference section */
		0418EBB028BC775C46B620DF /* Pods-coedaTests.release.xcconfig */ = {isa = PBXFileReference; includeInIndex = 1; lastKnownFileType = text.xcconfig; name = "Pods-coedaTests.release.xcconfig"; path = "Pods/Target Support Files/Pods-coedaTests/Pods-coedaTests.release.xcconfig"; sourceTree = "<group>"; };
		157CF8192B54489CEA8F1C8A /* Pods_coedaTests.framework */ = {isa = PBXFileReference; explicitFileType = wrapper.framework; includeInIndex = 0; path = Pods_coedaTests.framework; sourceTree = BUILT_PRODUCTS_DIR; };
		16CD784ADBDD13933A9FC5FA /* Pods-coeda.release.xcconfig */ = {isa = PBXFileReference; includeInIndex = 1; lastKnownFileType = text.xcconfig; name = "Pods-coeda.release.xcconfig"; path = "Pods/Target Support Files/Pods-coeda/Pods-coeda.release.xcconfig"; sourceTree = "<group>"; };
		39FC3F0CE228037F7197145F /* Pods-coedaTests.debug.xcconfig */ = {isa = PBXFileReference; includeInIndex = 1; lastKnownFileType = text.xcconfig; name = "Pods-coedaTests.debug.xcconfig"; path = "Pods/Target Support Files/Pods-coedaTests/Pods-coedaTests.debug.xcconfig"; sourceTree = "<group>"; };
		63EE4B34D33E64DD243A6138 /* Pods-coeda.debug.xcconfig */ = {isa = PBXFileReference; includeInIndex = 1; lastKnownFileType = text.xcconfig; name = "Pods-coeda.debug.xcconfig"; path = "Pods/Target Support Files/Pods-coeda/Pods-coeda.debug.xcconfig"; sourceTree = "<group>"; };
		7E64B3B186F5F1158360D2BF /* Pods-coedaUITests.debug.xcconfig */ = {isa = PBXFileReference; includeInIndex = 1; lastKnownFileType = text.xcconfig; name = "Pods-coedaUITests.debug.xcconfig"; path = "Pods/Target Support Files/Pods-coedaUITests/Pods-coedaUITests.debug.xcconfig"; sourceTree = "<group>"; };
		AA1EFC511F4C46A8000972B7 /* ConohaService.swift */ = {isa = PBXFileReference; fileEncoding = 4; lastKnownFileType = sourcecode.swift; path = ConohaService.swift; sourceTree = "<group>"; };
		AA1EFC541F4C584C000972B7 /* ConohaIdentityService.swift */ = {isa = PBXFileReference; fileEncoding = 4; lastKnownFileType = sourcecode.swift; path = ConohaIdentityService.swift; sourceTree = "<group>"; };
		AA7CAD9E1F50F38900B1FCC4 /* LoginViewController.swift */ = {isa = PBXFileReference; fileEncoding = 4; lastKnownFileType = sourcecode.swift; path = LoginViewController.swift; sourceTree = "<group>"; };
		AA8B12051F4EF1AC00FF712A /* Token.swift */ = {isa = PBXFileReference; fileEncoding = 4; lastKnownFileType = sourcecode.swift; path = Token.swift; sourceTree = "<group>"; };
		AA8B12081F4EF24E00FF712A /* Tenant.swift */ = {isa = PBXFileReference; fileEncoding = 4; lastKnownFileType = sourcecode.swift; path = Tenant.swift; sourceTree = "<group>"; };
		AA8B120B1F4EF80F00FF712A /* User.swift */ = {isa = PBXFileReference; fileEncoding = 4; lastKnownFileType = sourcecode.swift; path = User.swift; sourceTree = "<group>"; };
		AA8B12111F4F9FC800FF712A /* ConohaIdentity.swift */ = {isa = PBXFileReference; fileEncoding = 4; lastKnownFileType = sourcecode.swift; path = ConohaIdentity.swift; sourceTree = "<group>"; };
		AA9880061F4BF3EB003A4C3C /* coeda.app */ = {isa = PBXFileReference; explicitFileType = wrapper.application; includeInIndex = 0; path = coeda.app; sourceTree = BUILT_PRODUCTS_DIR; };
		AA9880091F4BF3EB003A4C3C /* AppDelegate.swift */ = {isa = PBXFileReference; lastKnownFileType = sourcecode.swift; path = AppDelegate.swift; sourceTree = "<group>"; };
		AA98800B1F4BF3EB003A4C3C /* ViewController.swift */ = {isa = PBXFileReference; lastKnownFileType = sourcecode.swift; path = ViewController.swift; sourceTree = "<group>"; };
		AA9880101F4BF3EB003A4C3C /* Assets.xcassets */ = {isa = PBXFileReference; lastKnownFileType = folder.assetcatalog; path = Assets.xcassets; sourceTree = "<group>"; };
		AA9880131F4BF3EB003A4C3C /* Base */ = {isa = PBXFileReference; lastKnownFileType = file.storyboard; name = Base; path = Base.lproj/LaunchScreen.storyboard; sourceTree = "<group>"; };
		AA9880151F4BF3EB003A4C3C /* Info.plist */ = {isa = PBXFileReference; lastKnownFileType = text.plist.xml; path = Info.plist; sourceTree = "<group>"; };
		AA98801A1F4BF3EB003A4C3C /* coedaTests.xctest */ = {isa = PBXFileReference; explicitFileType = wrapper.cfbundle; includeInIndex = 0; path = coedaTests.xctest; sourceTree = BUILT_PRODUCTS_DIR; };
		AA98801E1F4BF3EB003A4C3C /* coedaTests.swift */ = {isa = PBXFileReference; lastKnownFileType = sourcecode.swift; path = coedaTests.swift; sourceTree = "<group>"; };
		AA9880201F4BF3EB003A4C3C /* Info.plist */ = {isa = PBXFileReference; lastKnownFileType = text.plist.xml; path = Info.plist; sourceTree = "<group>"; };
		AA9880251F4BF3EB003A4C3C /* coedaUITests.xctest */ = {isa = PBXFileReference; explicitFileType = wrapper.cfbundle; includeInIndex = 0; path = coedaUITests.xctest; sourceTree = BUILT_PRODUCTS_DIR; };
		AA9880291F4BF3EB003A4C3C /* coedaUITests.swift */ = {isa = PBXFileReference; lastKnownFileType = sourcecode.swift; path = coedaUITests.swift; sourceTree = "<group>"; };
		AA98802B1F4BF3EB003A4C3C /* Info.plist */ = {isa = PBXFileReference; lastKnownFileType = text.plist.xml; path = Info.plist; sourceTree = "<group>"; };
		AADB73711F56D59B006E1FB3 /* Base */ = {isa = PBXFileReference; lastKnownFileType = file.storyboard; name = Base; path = Base.lproj/Main.storyboard; sourceTree = "<group>"; };
		AADB73731F56E7AC006E1FB3 /* ServersViewController.swift */ = {isa = PBXFileReference; fileEncoding = 4; lastKnownFileType = sourcecode.swift; path = ServersViewController.swift; sourceTree = "<group>"; };
		CA5FAB12B1C4F970FCDFA158 /* Pods_coedaUITests.framework */ = {isa = PBXFileReference; explicitFileType = wrapper.framework; includeInIndex = 0; path = Pods_coedaUITests.framework; sourceTree = BUILT_PRODUCTS_DIR; };
		D0FC3EAA0F50A99947F5A818 /* Pods_coeda.framework */ = {isa = PBXFileReference; explicitFileType = wrapper.framework; includeInIndex = 0; path = Pods_coeda.framework; sourceTree = BUILT_PRODUCTS_DIR; };
		EE535C3D2BB14C661CFEE8D5 /* Pods-coedaUITests.release.xcconfig */ = {isa = PBXFileReference; includeInIndex = 1; lastKnownFileType = text.xcconfig; name = "Pods-coedaUITests.release.xcconfig"; path = "Pods/Target Support Files/Pods-coedaUITests/Pods-coedaUITests.release.xcconfig"; sourceTree = "<group>"; };
/* End PBXFileReference section */

/* Begin PBXFrameworksBuildPhase section */
		AA9880031F4BF3EB003A4C3C /* Frameworks */ = {
			isa = PBXFrameworksBuildPhase;
			buildActionMask = 2147483647;
			files = (
				8E9C59F9E03FEB1F24FB1BEB /* Pods_coeda.framework in Frameworks */,
			);
			runOnlyForDeploymentPostprocessing = 0;
		};
		AA9880171F4BF3EB003A4C3C /* Frameworks */ = {
			isa = PBXFrameworksBuildPhase;
			buildActionMask = 2147483647;
			files = (
				E295B18265322B6700A4397A /* Pods_coedaTests.framework in Frameworks */,
			);
			runOnlyForDeploymentPostprocessing = 0;
		};
		AA9880221F4BF3EB003A4C3C /* Frameworks */ = {
			isa = PBXFrameworksBuildPhase;
			buildActionMask = 2147483647;
			files = (
				584A574F401DEA1389842158 /* Pods_coedaUITests.framework in Frameworks */,
			);
			runOnlyForDeploymentPostprocessing = 0;
		};
/* End PBXFrameworksBuildPhase section */

/* Begin PBXGroup section */
		4FE3D79D867AA2AFACB4D51B /* Frameworks */ = {
			isa = PBXGroup;
			children = (
				D0FC3EAA0F50A99947F5A818 /* Pods_coeda.framework */,
				157CF8192B54489CEA8F1C8A /* Pods_coedaTests.framework */,
				CA5FAB12B1C4F970FCDFA158 /* Pods_coedaUITests.framework */,
			);
			name = Frameworks;
			sourceTree = "<group>";
		};
		A6D08A4FA5FC72500A339C46 /* Pods */ = {
			isa = PBXGroup;
			children = (
				63EE4B34D33E64DD243A6138 /* Pods-coeda.debug.xcconfig */,
				16CD784ADBDD13933A9FC5FA /* Pods-coeda.release.xcconfig */,
				39FC3F0CE228037F7197145F /* Pods-coedaTests.debug.xcconfig */,
				0418EBB028BC775C46B620DF /* Pods-coedaTests.release.xcconfig */,
				7E64B3B186F5F1158360D2BF /* Pods-coedaUITests.debug.xcconfig */,
				EE535C3D2BB14C661CFEE8D5 /* Pods-coedaUITests.release.xcconfig */,
			);
			name = Pods;
			sourceTree = "<group>";
		};
		AA7CAD991F50646200B1FCC4 /* models */ = {
			isa = PBXGroup;
			children = (
				AA8B12111F4F9FC800FF712A /* ConohaIdentity.swift */,
				AA8B12081F4EF24E00FF712A /* Tenant.swift */,
				AA8B120B1F4EF80F00FF712A /* User.swift */,
				AA8B12051F4EF1AC00FF712A /* Token.swift */,
			);
			name = models;
			sourceTree = "<group>";
		};
		AA987FFD1F4BF3EB003A4C3C = {
			isa = PBXGroup;
			children = (
				AA9880081F4BF3EB003A4C3C /* coeda */,
				AA98801D1F4BF3EB003A4C3C /* coedaTests */,
				AA9880281F4BF3EB003A4C3C /* coedaUITests */,
				AA9880071F4BF3EB003A4C3C /* Products */,
				A6D08A4FA5FC72500A339C46 /* Pods */,
				4FE3D79D867AA2AFACB4D51B /* Frameworks */,
			);
			sourceTree = "<group>";
		};
		AA9880071F4BF3EB003A4C3C /* Products */ = {
			isa = PBXGroup;
			children = (
				AA9880061F4BF3EB003A4C3C /* coeda.app */,
				AA98801A1F4BF3EB003A4C3C /* coedaTests.xctest */,
				AA9880251F4BF3EB003A4C3C /* coedaUITests.xctest */,
			);
			name = Products;
			sourceTree = "<group>";
		};
		AA9880081F4BF3EB003A4C3C /* coeda */ = {
			isa = PBXGroup;
			children = (
				AA7CAD991F50646200B1FCC4 /* models */,
				AA9880091F4BF3EB003A4C3C /* AppDelegate.swift */,
				AA98800B1F4BF3EB003A4C3C /* ViewController.swift */,
				AA9880101F4BF3EB003A4C3C /* Assets.xcassets */,
				AADB73701F56D59B006E1FB3 /* Main.storyboard */,
				AA9880121F4BF3EB003A4C3C /* LaunchScreen.storyboard */,
				AA9880151F4BF3EB003A4C3C /* Info.plist */,
				AA1EFC511F4C46A8000972B7 /* ConohaService.swift */,
				AA1EFC541F4C584C000972B7 /* ConohaIdentityService.swift */,
				AA7CAD9E1F50F38900B1FCC4 /* LoginViewController.swift */,
				AADB73731F56E7AC006E1FB3 /* ServersViewController.swift */,
			);
			path = coeda;
			sourceTree = "<group>";
		};
		AA98801D1F4BF3EB003A4C3C /* coedaTests */ = {
			isa = PBXGroup;
			children = (
				AA98801E1F4BF3EB003A4C3C /* coedaTests.swift */,
				AA9880201F4BF3EB003A4C3C /* Info.plist */,
			);
			path = coedaTests;
			sourceTree = "<group>";
		};
		AA9880281F4BF3EB003A4C3C /* coedaUITests */ = {
			isa = PBXGroup;
			children = (
				AA9880291F4BF3EB003A4C3C /* coedaUITests.swift */,
				AA98802B1F4BF3EB003A4C3C /* Info.plist */,
			);
			path = coedaUITests;
			sourceTree = "<group>";
		};
/* End PBXGroup section */

/* Begin PBXNativeTarget section */
		AA9880051F4BF3EB003A4C3C /* coeda */ = {
			isa = PBXNativeTarget;
			buildConfigurationList = AA98802E1F4BF3EB003A4C3C /* Build configuration list for PBXNativeTarget "coeda" */;
			buildPhases = (
				E7B4602CA8D3E93549708E58 /* [CP] Check Pods Manifest.lock */,
				AA9880021F4BF3EB003A4C3C /* Sources */,
				AA9880031F4BF3EB003A4C3C /* Frameworks */,
				AA9880041F4BF3EB003A4C3C /* Resources */,
				D8B511285902E49AA2E8892A /* [CP] Embed Pods Frameworks */,
				E139CFCDBB8835B7608EB79E /* [CP] Copy Pods Resources */,
			);
			buildRules = (
			);
			dependencies = (
			);
			name = coeda;
			productName = coeda;
			productReference = AA9880061F4BF3EB003A4C3C /* coeda.app */;
			productType = "com.apple.product-type.application";
		};
		AA9880191F4BF3EB003A4C3C /* coedaTests */ = {
			isa = PBXNativeTarget;
			buildConfigurationList = AA9880311F4BF3EB003A4C3C /* Build configuration list for PBXNativeTarget "coedaTests" */;
			buildPhases = (
				182942343BA3802162402DBB /* [CP] Check Pods Manifest.lock */,
				AA9880161F4BF3EB003A4C3C /* Sources */,
				AA9880171F4BF3EB003A4C3C /* Frameworks */,
				AA9880181F4BF3EB003A4C3C /* Resources */,
				881E08CDA7FA5222CDD987FB /* [CP] Embed Pods Frameworks */,
				6906C7E8E5913C2791651A6B /* [CP] Copy Pods Resources */,
			);
			buildRules = (
			);
			dependencies = (
				AA98801C1F4BF3EB003A4C3C /* PBXTargetDependency */,
			);
			name = coedaTests;
			productName = coedaTests;
			productReference = AA98801A1F4BF3EB003A4C3C /* coedaTests.xctest */;
			productType = "com.apple.product-type.bundle.unit-test";
		};
		AA9880241F4BF3EB003A4C3C /* coedaUITests */ = {
			isa = PBXNativeTarget;
			buildConfigurationList = AA9880341F4BF3EB003A4C3C /* Build configuration list for PBXNativeTarget "coedaUITests" */;
			buildPhases = (
				D707464758A5D38762364408 /* [CP] Check Pods Manifest.lock */,
				AA9880211F4BF3EB003A4C3C /* Sources */,
				AA9880221F4BF3EB003A4C3C /* Frameworks */,
				AA9880231F4BF3EB003A4C3C /* Resources */,
				387EC7429962F65502BD6046 /* [CP] Embed Pods Frameworks */,
				40B565174372A9D554D29720 /* [CP] Copy Pods Resources */,
			);
			buildRules = (
			);
			dependencies = (
				AA9880271F4BF3EB003A4C3C /* PBXTargetDependency */,
			);
			name = coedaUITests;
			productName = coedaUITests;
			productReference = AA9880251F4BF3EB003A4C3C /* coedaUITests.xctest */;
			productType = "com.apple.product-type.bundle.ui-testing";
		};
/* End PBXNativeTarget section */

/* Begin PBXProject section */
		AA987FFE1F4BF3EB003A4C3C /* Project object */ = {
			isa = PBXProject;
			attributes = {
				LastSwiftUpdateCheck = 0830;
				LastUpgradeCheck = 0830;
				ORGANIZATIONNAME = kytiken;
				TargetAttributes = {
					AA9880051F4BF3EB003A4C3C = {
						CreatedOnToolsVersion = 8.3.3;
						DevelopmentTeam = SHN5MXH963;
						ProvisioningStyle = Automatic;
					};
					AA9880191F4BF3EB003A4C3C = {
						CreatedOnToolsVersion = 8.3.3;
						DevelopmentTeam = SHN5MXH963;
						ProvisioningStyle = Automatic;
						TestTargetID = AA9880051F4BF3EB003A4C3C;
					};
					AA9880241F4BF3EB003A4C3C = {
						CreatedOnToolsVersion = 8.3.3;
						DevelopmentTeam = SHN5MXH963;
						ProvisioningStyle = Automatic;
						TestTargetID = AA9880051F4BF3EB003A4C3C;
					};
				};
			};
			buildConfigurationList = AA9880011F4BF3EB003A4C3C /* Build configuration list for PBXProject "coeda" */;
			compatibilityVersion = "Xcode 3.2";
			developmentRegion = English;
			hasScannedForEncodings = 0;
			knownRegions = (
				en,
				Base,
			);
			mainGroup = AA987FFD1F4BF3EB003A4C3C;
			productRefGroup = AA9880071F4BF3EB003A4C3C /* Products */;
			projectDirPath = "";
			projectRoot = "";
			targets = (
				AA9880051F4BF3EB003A4C3C /* coeda */,
				AA9880191F4BF3EB003A4C3C /* coedaTests */,
				AA9880241F4BF3EB003A4C3C /* coedaUITests */,
			);
		};
/* End PBXProject section */

/* Begin PBXResourcesBuildPhase section */
		AA9880041F4BF3EB003A4C3C /* Resources */ = {
			isa = PBXResourcesBuildPhase;
			buildActionMask = 2147483647;
			files = (
				AADB73721F56D59B006E1FB3 /* Main.storyboard in Resources */,
				AA9880141F4BF3EB003A4C3C /* LaunchScreen.storyboard in Resources */,
				AA9880111F4BF3EB003A4C3C /* Assets.xcassets in Resources */,
			);
			runOnlyForDeploymentPostprocessing = 0;
		};
		AA9880181F4BF3EB003A4C3C /* Resources */ = {
			isa = PBXResourcesBuildPhase;
			buildActionMask = 2147483647;
			files = (
			);
			runOnlyForDeploymentPostprocessing = 0;
		};
		AA9880231F4BF3EB003A4C3C /* Resources */ = {
			isa = PBXResourcesBuildPhase;
			buildActionMask = 2147483647;
			files = (
			);
			runOnlyForDeploymentPostprocessing = 0;
		};
/* End PBXResourcesBuildPhase section */

/* Begin PBXShellScriptBuildPhase section */
		182942343BA3802162402DBB /* [CP] Check Pods Manifest.lock */ = {
			isa = PBXShellScriptBuildPhase;
			buildActionMask = 2147483647;
			files = (
			);
			inputPaths = (
				"${PODS_PODFILE_DIR_PATH}/Podfile.lock",
				"${PODS_ROOT}/Manifest.lock",
			);
			name = "[CP] Check Pods Manifest.lock";
			outputPaths = (
				"$(DERIVED_FILE_DIR)/Pods-coedaTests-checkManifestLockResult.txt",
			);
			runOnlyForDeploymentPostprocessing = 0;
			shellPath = /bin/sh;
			shellScript = "diff \"${PODS_PODFILE_DIR_PATH}/Podfile.lock\" \"${PODS_ROOT}/Manifest.lock\" > /dev/null\nif [ $? != 0 ] ; then\n    # print error to STDERR\n    echo \"error: The sandbox is not in sync with the Podfile.lock. Run 'pod install' or update your CocoaPods installation.\" >&2\n    exit 1\nfi\n# This output is used by Xcode 'outputs' to avoid re-running this script phase.\necho \"SUCCESS\" > \"${SCRIPT_OUTPUT_FILE_0}\"\n";
			showEnvVarsInLog = 0;
		};
		387EC7429962F65502BD6046 /* [CP] Embed Pods Frameworks */ = {
			isa = PBXShellScriptBuildPhase;
			buildActionMask = 2147483647;
			files = (
			);
			inputPaths = (
			);
			name = "[CP] Embed Pods Frameworks";
			outputPaths = (
			);
			runOnlyForDeploymentPostprocessing = 0;
			shellPath = /bin/sh;
			shellScript = "\"${SRCROOT}/Pods/Target Support Files/Pods-coedaUITests/Pods-coedaUITests-frameworks.sh\"\n";
			showEnvVarsInLog = 0;
		};
		40B565174372A9D554D29720 /* [CP] Copy Pods Resources */ = {
			isa = PBXShellScriptBuildPhase;
			buildActionMask = 2147483647;
			files = (
			);
			inputPaths = (
			);
			name = "[CP] Copy Pods Resources";
			outputPaths = (
			);
			runOnlyForDeploymentPostprocessing = 0;
			shellPath = /bin/sh;
			shellScript = "\"${SRCROOT}/Pods/Target Support Files/Pods-coedaUITests/Pods-coedaUITests-resources.sh\"\n";
			showEnvVarsInLog = 0;
		};
		6906C7E8E5913C2791651A6B /* [CP] Copy Pods Resources */ = {
			isa = PBXShellScriptBuildPhase;
			buildActionMask = 2147483647;
			files = (
			);
			inputPaths = (
			);
			name = "[CP] Copy Pods Resources";
			outputPaths = (
			);
			runOnlyForDeploymentPostprocessing = 0;
			shellPath = /bin/sh;
			shellScript = "\"${SRCROOT}/Pods/Target Support Files/Pods-coedaTests/Pods-coedaTests-resources.sh\"\n";
			showEnvVarsInLog = 0;
		};
		881E08CDA7FA5222CDD987FB /* [CP] Embed Pods Frameworks */ = {
			isa = PBXShellScriptBuildPhase;
			buildActionMask = 2147483647;
			files = (
			);
			inputPaths = (
			);
			name = "[CP] Embed Pods Frameworks";
			outputPaths = (
			);
			runOnlyForDeploymentPostprocessing = 0;
			shellPath = /bin/sh;
			shellScript = "\"${SRCROOT}/Pods/Target Support Files/Pods-coedaTests/Pods-coedaTests-frameworks.sh\"\n";
			showEnvVarsInLog = 0;
		};
		D707464758A5D38762364408 /* [CP] Check Pods Manifest.lock */ = {
			isa = PBXShellScriptBuildPhase;
			buildActionMask = 2147483647;
			files = (
			);
			inputPaths = (
				"${PODS_PODFILE_DIR_PATH}/Podfile.lock",
				"${PODS_ROOT}/Manifest.lock",
			);
			name = "[CP] Check Pods Manifest.lock";
			outputPaths = (
				"$(DERIVED_FILE_DIR)/Pods-coedaUITests-checkManifestLockResult.txt",
			);
			runOnlyForDeploymentPostprocessing = 0;
			shellPath = /bin/sh;
			shellScript = "diff \"${PODS_PODFILE_DIR_PATH}/Podfile.lock\" \"${PODS_ROOT}/Manifest.lock\" > /dev/null\nif [ $? != 0 ] ; then\n    # print error to STDERR\n    echo \"error: The sandbox is not in sync with the Podfile.lock. Run 'pod install' or update your CocoaPods installation.\" >&2\n    exit 1\nfi\n# This output is used by Xcode 'outputs' to avoid re-running this script phase.\necho \"SUCCESS\" > \"${SCRIPT_OUTPUT_FILE_0}\"\n";
			showEnvVarsInLog = 0;
		};
		D8B511285902E49AA2E8892A /* [CP] Embed Pods Frameworks */ = {
			isa = PBXShellScriptBuildPhase;
			buildActionMask = 2147483647;
			files = (
			);
			inputPaths = (
				"${SRCROOT}/Pods/Target Support Files/Pods-coeda/Pods-coeda-frameworks.sh",
				"${BUILT_PRODUCTS_DIR}/Alamofire/Alamofire.framework",
				"${BUILT_PRODUCTS_DIR}/Moya/Moya.framework",
				"${BUILT_PRODUCTS_DIR}/Realm/Realm.framework",
				"${BUILT_PRODUCTS_DIR}/RealmSwift/RealmSwift.framework",
				"${BUILT_PRODUCTS_DIR}/Result/Result.framework",
				"${BUILT_PRODUCTS_DIR}/RxCocoa/RxCocoa.framework",
				"${BUILT_PRODUCTS_DIR}/RxRealm/RxRealm.framework",
				"${BUILT_PRODUCTS_DIR}/RxRealmDataSources/RxRealmDataSources.framework",
				"${BUILT_PRODUCTS_DIR}/RxSwift/RxSwift.framework",
				"${BUILT_PRODUCTS_DIR}/SwiftyJSON/SwiftyJSON.framework",
			);
			name = "[CP] Embed Pods Frameworks";
			outputPaths = (
				"${TARGET_BUILD_DIR}/${FRAMEWORKS_FOLDER_PATH}/Alamofire.framework",
				"${TARGET_BUILD_DIR}/${FRAMEWORKS_FOLDER_PATH}/Moya.framework",
				"${TARGET_BUILD_DIR}/${FRAMEWORKS_FOLDER_PATH}/Realm.framework",
				"${TARGET_BUILD_DIR}/${FRAMEWORKS_FOLDER_PATH}/RealmSwift.framework",
				"${TARGET_BUILD_DIR}/${FRAMEWORKS_FOLDER_PATH}/Result.framework",
				"${TARGET_BUILD_DIR}/${FRAMEWORKS_FOLDER_PATH}/RxCocoa.framework",
				"${TARGET_BUILD_DIR}/${FRAMEWORKS_FOLDER_PATH}/RxRealm.framework",
				"${TARGET_BUILD_DIR}/${FRAMEWORKS_FOLDER_PATH}/RxRealmDataSources.framework",
				"${TARGET_BUILD_DIR}/${FRAMEWORKS_FOLDER_PATH}/RxSwift.framework",
				"${TARGET_BUILD_DIR}/${FRAMEWORKS_FOLDER_PATH}/SwiftyJSON.framework",
			);
			runOnlyForDeploymentPostprocessing = 0;
			shellPath = /bin/sh;
			shellScript = "\"${SRCROOT}/Pods/Target Support Files/Pods-coeda/Pods-coeda-frameworks.sh\"\n";
			showEnvVarsInLog = 0;
		};
		E139CFCDBB8835B7608EB79E /* [CP] Copy Pods Resources */ = {
			isa = PBXShellScriptBuildPhase;
			buildActionMask = 2147483647;
			files = (
			);
			inputPaths = (
			);
			name = "[CP] Copy Pods Resources";
			outputPaths = (
			);
			runOnlyForDeploymentPostprocessing = 0;
			shellPath = /bin/sh;
			shellScript = "\"${SRCROOT}/Pods/Target Support Files/Pods-coeda/Pods-coeda-resources.sh\"\n";
			showEnvVarsInLog = 0;
		};
		E7B4602CA8D3E93549708E58 /* [CP] Check Pods Manifest.lock */ = {
			isa = PBXShellScriptBuildPhase;
			buildActionMask = 2147483647;
			files = (
			);
			inputPaths = (
				"${PODS_PODFILE_DIR_PATH}/Podfile.lock",
				"${PODS_ROOT}/Manifest.lock",
			);
			name = "[CP] Check Pods Manifest.lock";
			outputPaths = (
				"$(DERIVED_FILE_DIR)/Pods-coeda-checkManifestLockResult.txt",
			);
			runOnlyForDeploymentPostprocessing = 0;
			shellPath = /bin/sh;
			shellScript = "diff \"${PODS_PODFILE_DIR_PATH}/Podfile.lock\" \"${PODS_ROOT}/Manifest.lock\" > /dev/null\nif [ $? != 0 ] ; then\n    # print error to STDERR\n    echo \"error: The sandbox is not in sync with the Podfile.lock. Run 'pod install' or update your CocoaPods installation.\" >&2\n    exit 1\nfi\n# This output is used by Xcode 'outputs' to avoid re-running this script phase.\necho \"SUCCESS\" > \"${SCRIPT_OUTPUT_FILE_0}\"\n";
			showEnvVarsInLog = 0;
		};
/* End PBXShellScriptBuildPhase section */

/* Begin PBXSourcesBuildPhase section */
		AA9880021F4BF3EB003A4C3C /* Sources */ = {
			isa = PBXSourcesBuildPhase;
			buildActionMask = 2147483647;
			files = (
				AA7CAD9F1F50F38900B1FCC4 /* LoginViewController.swift in Sources */,
				AA98800C1F4BF3EB003A4C3C /* ViewController.swift in Sources */,
				AA8B12121F4F9FC800FF712A /* ConohaIdentity.swift in Sources */,
				AADB73741F56E7AC006E1FB3 /* ServersViewController.swift in Sources */,
				AA8B12061F4EF1AC00FF712A /* Token.swift in Sources */,
				AA1EFC551F4C584C000972B7 /* ConohaIdentityService.swift in Sources */,
				AA8B12091F4EF24E00FF712A /* Tenant.swift in Sources */,
				AA98800A1F4BF3EB003A4C3C /* AppDelegate.swift in Sources */,
				AA1EFC521F4C46A8000972B7 /* ConohaService.swift in Sources */,
				AA8B120C1F4EF80F00FF712A /* User.swift in Sources */,
			);
			runOnlyForDeploymentPostprocessing = 0;
		};
		AA9880161F4BF3EB003A4C3C /* Sources */ = {
			isa = PBXSourcesBuildPhase;
			buildActionMask = 2147483647;
			files = (
				AA8B12131F4F9FC800FF712A /* ConohaIdentity.swift in Sources */,
				AA1EFC561F4C584C000972B7 /* ConohaIdentityService.swift in Sources */,
				AA98801F1F4BF3EB003A4C3C /* coedaTests.swift in Sources */,
				AA8B120D1F4EF80F00FF712A /* User.swift in Sources */,
				AA1EFC531F4C46A8000972B7 /* ConohaService.swift in Sources */,
				AA8B120A1F4EF24E00FF712A /* Tenant.swift in Sources */,
				AA8B12071F4EF1AC00FF712A /* Token.swift in Sources */,
			);
			runOnlyForDeploymentPostprocessing = 0;
		};
		AA9880211F4BF3EB003A4C3C /* Sources */ = {
			isa = PBXSourcesBuildPhase;
			buildActionMask = 2147483647;
			files = (
				AA98802A1F4BF3EB003A4C3C /* coedaUITests.swift in Sources */,
			);
			runOnlyForDeploymentPostprocessing = 0;
		};
/* End PBXSourcesBuildPhase section */

/* Begin PBXTargetDependency section */
		AA98801C1F4BF3EB003A4C3C /* PBXTargetDependency */ = {
			isa = PBXTargetDependency;
			target = AA9880051F4BF3EB003A4C3C /* coeda */;
			targetProxy = AA98801B1F4BF3EB003A4C3C /* PBXContainerItemProxy */;
		};
		AA9880271F4BF3EB003A4C3C /* PBXTargetDependency */ = {
			isa = PBXTargetDependency;
			target = AA9880051F4BF3EB003A4C3C /* coeda */;
			targetProxy = AA9880261F4BF3EB003A4C3C /* PBXContainerItemProxy */;
		};
/* End PBXTargetDependency section */

/* Begin PBXVariantGroup section */
		AA9880121F4BF3EB003A4C3C /* LaunchScreen.storyboard */ = {
			isa = PBXVariantGroup;
			children = (
				AA9880131F4BF3EB003A4C3C /* Base */,
			);
			name = LaunchScreen.storyboard;
			sourceTree = "<group>";
		};
		AADB73701F56D59B006E1FB3 /* Main.storyboard */ = {
			isa = PBXVariantGroup;
			children = (
				AADB73711F56D59B006E1FB3 /* Base */,
			);
			name = Main.storyboard;
			sourceTree = "<group>";
		};
/* End PBXVariantGroup section */

/* Begin XCBuildConfiguration section */
		AA98802C1F4BF3EB003A4C3C /* Debug */ = {
			isa = XCBuildConfiguration;
			buildSettings = {
				ALWAYS_SEARCH_USER_PATHS = NO;
				CLANG_ANALYZER_NONNULL = YES;
				CLANG_ANALYZER_NUMBER_OBJECT_CONVERSION = YES_AGGRESSIVE;
				CLANG_CXX_LANGUAGE_STANDARD = "gnu++0x";
				CLANG_CXX_LIBRARY = "libc++";
				CLANG_ENABLE_MODULES = YES;
				CLANG_ENABLE_OBJC_ARC = YES;
				CLANG_WARN_BOOL_CONVERSION = YES;
				CLANG_WARN_CONSTANT_CONVERSION = YES;
				CLANG_WARN_DIRECT_OBJC_ISA_USAGE = YES_ERROR;
				CLANG_WARN_DOCUMENTATION_COMMENTS = YES;
				CLANG_WARN_EMPTY_BODY = YES;
				CLANG_WARN_ENUM_CONVERSION = YES;
				CLANG_WARN_INFINITE_RECURSION = YES;
				CLANG_WARN_INT_CONVERSION = YES;
				CLANG_WARN_OBJC_ROOT_CLASS = YES_ERROR;
				CLANG_WARN_SUSPICIOUS_MOVE = YES;
				CLANG_WARN_UNREACHABLE_CODE = YES;
				CLANG_WARN__DUPLICATE_METHOD_MATCH = YES;
				"CODE_SIGN_IDENTITY[sdk=iphoneos*]" = "iPhone Developer";
				COPY_PHASE_STRIP = NO;
				DEBUG_INFORMATION_FORMAT = dwarf;
				ENABLE_STRICT_OBJC_MSGSEND = YES;
				ENABLE_TESTABILITY = YES;
				GCC_C_LANGUAGE_STANDARD = gnu99;
				GCC_DYNAMIC_NO_PIC = NO;
				GCC_NO_COMMON_BLOCKS = YES;
				GCC_OPTIMIZATION_LEVEL = 0;
				GCC_PREPROCESSOR_DEFINITIONS = (
					"DEBUG=1",
					"$(inherited)",
				);
				GCC_WARN_64_TO_32_BIT_CONVERSION = YES;
				GCC_WARN_ABOUT_RETURN_TYPE = YES_ERROR;
				GCC_WARN_UNDECLARED_SELECTOR = YES;
				GCC_WARN_UNINITIALIZED_AUTOS = YES_AGGRESSIVE;
				GCC_WARN_UNUSED_FUNCTION = YES;
				GCC_WARN_UNUSED_VARIABLE = YES;
				IPHONEOS_DEPLOYMENT_TARGET = 10.3;
				MTL_ENABLE_DEBUG_INFO = YES;
				ONLY_ACTIVE_ARCH = YES;
				SDKROOT = iphoneos;
				SWIFT_ACTIVE_COMPILATION_CONDITIONS = DEBUG;
				SWIFT_OPTIMIZATION_LEVEL = "-Onone";
				TARGETED_DEVICE_FAMILY = "1,2";
			};
			name = Debug;
		};
		AA98802D1F4BF3EB003A4C3C /* Release */ = {
			isa = XCBuildConfiguration;
			buildSettings = {
				ALWAYS_SEARCH_USER_PATHS = NO;
				CLANG_ANALYZER_NONNULL = YES;
				CLANG_ANALYZER_NUMBER_OBJECT_CONVERSION = YES_AGGRESSIVE;
				CLANG_CXX_LANGUAGE_STANDARD = "gnu++0x";
				CLANG_CXX_LIBRARY = "libc++";
				CLANG_ENABLE_MODULES = YES;
				CLANG_ENABLE_OBJC_ARC = YES;
				CLANG_WARN_BOOL_CONVERSION = YES;
				CLANG_WARN_CONSTANT_CONVERSION = YES;
				CLANG_WARN_DIRECT_OBJC_ISA_USAGE = YES_ERROR;
				CLANG_WARN_DOCUMENTATION_COMMENTS = YES;
				CLANG_WARN_EMPTY_BODY = YES;
				CLANG_WARN_ENUM_CONVERSION = YES;
				CLANG_WARN_INFINITE_RECURSION = YES;
				CLANG_WARN_INT_CONVERSION = YES;
				CLANG_WARN_OBJC_ROOT_CLASS = YES_ERROR;
				CLANG_WARN_SUSPICIOUS_MOVE = YES;
				CLANG_WARN_UNREACHABLE_CODE = YES;
				CLANG_WARN__DUPLICATE_METHOD_MATCH = YES;
				"CODE_SIGN_IDENTITY[sdk=iphoneos*]" = "iPhone Developer";
				COPY_PHASE_STRIP = NO;
				DEBUG_INFORMATION_FORMAT = "dwarf-with-dsym";
				ENABLE_NS_ASSERTIONS = NO;
				ENABLE_STRICT_OBJC_MSGSEND = YES;
				GCC_C_LANGUAGE_STANDARD = gnu99;
				GCC_NO_COMMON_BLOCKS = YES;
				GCC_WARN_64_TO_32_BIT_CONVERSION = YES;
				GCC_WARN_ABOUT_RETURN_TYPE = YES_ERROR;
				GCC_WARN_UNDECLARED_SELECTOR = YES;
				GCC_WARN_UNINITIALIZED_AUTOS = YES_AGGRESSIVE;
				GCC_WARN_UNUSED_FUNCTION = YES;
				GCC_WARN_UNUSED_VARIABLE = YES;
				IPHONEOS_DEPLOYMENT_TARGET = 10.3;
				MTL_ENABLE_DEBUG_INFO = NO;
				SDKROOT = iphoneos;
				SWIFT_OPTIMIZATION_LEVEL = "-Owholemodule";
				TARGETED_DEVICE_FAMILY = "1,2";
				VALIDATE_PRODUCT = YES;
			};
			name = Release;
		};
		AA98802F1F4BF3EB003A4C3C /* Debug */ = {
			isa = XCBuildConfiguration;
			baseConfigurationReference = 63EE4B34D33E64DD243A6138 /* Pods-coeda.debug.xcconfig */;
			buildSettings = {
				ASSETCATALOG_COMPILER_APPICON_NAME = AppIcon;
				DEVELOPMENT_TEAM = SHN5MXH963;
				INFOPLIST_FILE = coeda/Info.plist;
				LD_RUNPATH_SEARCH_PATHS = "$(inherited) @executable_path/Frameworks";
				PRODUCT_BUNDLE_IDENTIFIER = com.kytiken.coeda;
				PRODUCT_NAME = "$(TARGET_NAME)";
				SWIFT_VERSION = 3.0;
			};
			name = Debug;
		};
		AA9880301F4BF3EB003A4C3C /* Release */ = {
			isa = XCBuildConfiguration;
			baseConfigurationReference = 16CD784ADBDD13933A9FC5FA /* Pods-coeda.release.xcconfig */;
			buildSettings = {
				ASSETCATALOG_COMPILER_APPICON_NAME = AppIcon;
				DEVELOPMENT_TEAM = SHN5MXH963;
				INFOPLIST_FILE = coeda/Info.plist;
				LD_RUNPATH_SEARCH_PATHS = "$(inherited) @executable_path/Frameworks";
				PRODUCT_BUNDLE_IDENTIFIER = com.kytiken.coeda;
				PRODUCT_NAME = "$(TARGET_NAME)";
				SWIFT_VERSION = 3.0;
			};
			name = Release;
		};
		AA9880321F4BF3EB003A4C3C /* Debug */ = {
			isa = XCBuildConfiguration;
			baseConfigurationReference = 39FC3F0CE228037F7197145F /* Pods-coedaTests.debug.xcconfig */;
			buildSettings = {
				ALWAYS_EMBED_SWIFT_STANDARD_LIBRARIES = YES;
				BUNDLE_LOADER = "$(TEST_HOST)";
				DEVELOPMENT_TEAM = SHN5MXH963;
				INFOPLIST_FILE = coedaTests/Info.plist;
				LD_RUNPATH_SEARCH_PATHS = "$(inherited) @executable_path/Frameworks @loader_path/Frameworks";
				PRODUCT_BUNDLE_IDENTIFIER = com.kytiken.coedaTests;
				PRODUCT_NAME = "$(TARGET_NAME)";
				SWIFT_VERSION = 3.0;
				TEST_HOST = "$(BUILT_PRODUCTS_DIR)/coeda.app/coeda";
			};
			name = Debug;
		};
		AA9880331F4BF3EB003A4C3C /* Release */ = {
			isa = XCBuildConfiguration;
			baseConfigurationReference = 0418EBB028BC775C46B620DF /* Pods-coedaTests.release.xcconfig */;
			buildSettings = {
				ALWAYS_EMBED_SWIFT_STANDARD_LIBRARIES = YES;
				BUNDLE_LOADER = "$(TEST_HOST)";
				DEVELOPMENT_TEAM = SHN5MXH963;
				INFOPLIST_FILE = coedaTests/Info.plist;
				LD_RUNPATH_SEARCH_PATHS = "$(inherited) @executable_path/Frameworks @loader_path/Frameworks";
				PRODUCT_BUNDLE_IDENTIFIER = com.kytiken.coedaTests;
				PRODUCT_NAME = "$(TARGET_NAME)";
				SWIFT_VERSION = 3.0;
				TEST_HOST = "$(BUILT_PRODUCTS_DIR)/coeda.app/coeda";
			};
			name = Release;
		};
		AA9880351F4BF3EB003A4C3C /* Debug */ = {
			isa = XCBuildConfiguration;
			baseConfigurationReference = 7E64B3B186F5F1158360D2BF /* Pods-coedaUITests.debug.xcconfig */;
			buildSettings = {
				ALWAYS_EMBED_SWIFT_STANDARD_LIBRARIES = YES;
				DEVELOPMENT_TEAM = SHN5MXH963;
				INFOPLIST_FILE = coedaUITests/Info.plist;
				LD_RUNPATH_SEARCH_PATHS = "$(inherited) @executable_path/Frameworks @loader_path/Frameworks";
				PRODUCT_BUNDLE_IDENTIFIER = com.kytiken.coedaUITests;
				PRODUCT_NAME = "$(TARGET_NAME)";
				SWIFT_VERSION = 3.0;
				TEST_TARGET_NAME = coeda;
			};
			name = Debug;
		};
		AA9880361F4BF3EB003A4C3C /* Release */ = {
			isa = XCBuildConfiguration;
			baseConfigurationReference = EE535C3D2BB14C661CFEE8D5 /* Pods-coedaUITests.release.xcconfig */;
			buildSettings = {
				ALWAYS_EMBED_SWIFT_STANDARD_LIBRARIES = YES;
				DEVELOPMENT_TEAM = SHN5MXH963;
				INFOPLIST_FILE = coedaUITests/Info.plist;
				LD_RUNPATH_SEARCH_PATHS = "$(inherited) @executable_path/Frameworks @loader_path/Frameworks";
				PRODUCT_BUNDLE_IDENTIFIER = com.kytiken.coedaUITests;
				PRODUCT_NAME = "$(TARGET_NAME)";
				SWIFT_VERSION = 3.0;
				TEST_TARGET_NAME = coeda;
			};
			name = Release;
		};
/* End XCBuildConfiguration section */

/* Begin XCConfigurationList section */
		AA9880011F4BF3EB003A4C3C /* Build configuration list for PBXProject "coeda" */ = {
			isa = XCConfigurationList;
			buildConfigurations = (
				AA98802C1F4BF3EB003A4C3C /* Debug */,
				AA98802D1F4BF3EB003A4C3C /* Release */,
			);
			defaultConfigurationIsVisible = 0;
			defaultConfigurationName = Release;
		};
		AA98802E1F4BF3EB003A4C3C /* Build configuration list for PBXNativeTarget "coeda" */ = {
			isa = XCConfigurationList;
			buildConfigurations = (
				AA98802F1F4BF3EB003A4C3C /* Debug */,
				AA9880301F4BF3EB003A4C3C /* Release */,
			);
			defaultConfigurationIsVisible = 0;
			defaultConfigurationName = Release;
		};
		AA9880311F4BF3EB003A4C3C /* Build configuration list for PBXNativeTarget "coedaTests" */ = {
			isa = XCConfigurationList;
			buildConfigurations = (
				AA9880321F4BF3EB003A4C3C /* Debug */,
				AA9880331F4BF3EB003A4C3C /* Release */,
			);
			defaultConfigurationIsVisible = 0;
			defaultConfigurationName = Release;
		};
		AA9880341F4BF3EB003A4C3C /* Build configuration list for PBXNativeTarget "coedaUITests" */ = {
			isa = XCConfigurationList;
			buildConfigurations = (
				AA9880351F4BF3EB003A4C3C /* Debug */,
				AA9880361F4BF3EB003A4C3C /* Release */,
			);
			defaultConfigurationIsVisible = 0;
			defaultConfigurationName = Release;
		};
/* End XCConfigurationList section */
	};
	rootObject = AA987FFE1F4BF3EB003A4C3C /* Project object */;
}
